// !$*UTF8*$!
{
	archiveVersion = 1;
	classes = {
	};
	objectVersion = 51;
	objects = {

/* Begin PBXBuildFile section */
		086B5BA9237ECF69006CA95E /* albumappUnitTests.swift in Sources */ = {isa = PBXBuildFile; fileRef = 086B5BA8237ECF69006CA95E /* albumappUnitTests.swift */; };
		086B5BB223827B16006CA95E /* Album.json in Resources */ = {isa = PBXBuildFile; fileRef = 086B5BB123827B16006CA95E /* Album.json */; };
		086B5BB42387043A006CA95E /* AlbumTestCase.swift in Sources */ = {isa = PBXBuildFile; fileRef = 086B5BB323870439006CA95E /* AlbumTestCase.swift */; };
		2522169D2378411C000026C3 /* KeyChainWrapper.swift in Sources */ = {isa = PBXBuildFile; fileRef = 2522169C2378411C000026C3 /* KeyChainWrapper.swift */; };
		252216B0237959FC000026C3 /* Album.Model.swift in Sources */ = {isa = PBXBuildFile; fileRef = 252216AF237959FC000026C3 /* Album.Model.swift */; };
		2535E0A6237A57B4006B2159 /* albums.json in Resources */ = {isa = PBXBuildFile; fileRef = 2535E0A5237A57B4006B2159 /* albums.json */; };
		2540A3C32377ED640021FB11 /* AppDelegate.swift in Sources */ = {isa = PBXBuildFile; fileRef = 2540A3C22377ED640021FB11 /* AppDelegate.swift */; };
		2540A3C52377ED640021FB11 /* SceneDelegate.swift in Sources */ = {isa = PBXBuildFile; fileRef = 2540A3C42377ED640021FB11 /* SceneDelegate.swift */; };
		2540A3C72377ED640021FB11 /* AlbumViewController.swift in Sources */ = {isa = PBXBuildFile; fileRef = 2540A3C62377ED640021FB11 /* AlbumViewController.swift */; };
		2540A3CA2377ED650021FB11 /* Main.storyboard in Resources */ = {isa = PBXBuildFile; fileRef = 2540A3C82377ED650021FB11 /* Main.storyboard */; };
		2540A3CC2377ED650021FB11 /* Assets.xcassets in Resources */ = {isa = PBXBuildFile; fileRef = 2540A3CB2377ED650021FB11 /* Assets.xcassets */; };
		2540A3CF2377ED650021FB11 /* LaunchScreen.storyboard in Resources */ = {isa = PBXBuildFile; fileRef = 2540A3CD2377ED650021FB11 /* LaunchScreen.storyboard */; };
		2540A3DA2377ED650021FB11 /* albumappTests.swift in Sources */ = {isa = PBXBuildFile; fileRef = 2540A3D92377ED650021FB11 /* albumappTests.swift */; };
		2540A3E52377ED660021FB11 /* albumappUITests.swift in Sources */ = {isa = PBXBuildFile; fileRef = 2540A3E42377ED660021FB11 /* albumappUITests.swift */; };
		2540A3F42377F0490021FB11 /* .swiftlint.yml in Resources */ = {isa = PBXBuildFile; fileRef = 2540A3F32377F0490021FB11 /* .swiftlint.yml */; };
		2540A3F52377F0490021FB11 /* .swiftlint.yml in Resources */ = {isa = PBXBuildFile; fileRef = 2540A3F32377F0490021FB11 /* .swiftlint.yml */; };
		2540A3F62377F0490021FB11 /* .swiftlint.yml in Resources */ = {isa = PBXBuildFile; fileRef = 2540A3F32377F0490021FB11 /* .swiftlint.yml */; };
		2540A4052377FE870021FB11 /* Podfile in Resources */ = {isa = PBXBuildFile; fileRef = 2540A4042377FE870021FB11 /* Podfile */; };
		2540A4062377FE870021FB11 /* Podfile in Resources */ = {isa = PBXBuildFile; fileRef = 2540A4042377FE870021FB11 /* Podfile */; };
		2540A4072377FE870021FB11 /* Podfile in Resources */ = {isa = PBXBuildFile; fileRef = 2540A4042377FE870021FB11 /* Podfile */; };
		25A8096E237A712600F07132 /* photos.json in Resources */ = {isa = PBXBuildFile; fileRef = 25A8096D237A712600F07132 /* photos.json */; };
		25A80970237A714700F07132 /* Photo.Model.swift in Sources */ = {isa = PBXBuildFile; fileRef = 25A8096F237A714700F07132 /* Photo.Model.swift */; };
		25A80974237A849B00F07132 /* PhotoViewController.swift in Sources */ = {isa = PBXBuildFile; fileRef = 25A80973237A849B00F07132 /* PhotoViewController.swift */; };
		25A809B9237D0D9200F07132 /* ActivityIndicator.swift in Sources */ = {isa = PBXBuildFile; fileRef = 25A809B8237D0D9200F07132 /* ActivityIndicator.swift */; };
		3E7D9CA377D2DE4A4E6B4780 /* Pods_albumapp.framework in Frameworks */ = {isa = PBXBuildFile; fileRef = 57AA0FDF5908202B42728CF8 /* Pods_albumapp.framework */; };
/* End PBXBuildFile section */

/* Begin PBXContainerItemProxy section */
		086B5BAB237ECF69006CA95E /* PBXContainerItemProxy */ = {
			isa = PBXContainerItemProxy;
			containerPortal = 2540A3B72377ED640021FB11 /* Project object */;
			proxyType = 1;
			remoteGlobalIDString = 2540A3BE2377ED640021FB11;
			remoteInfo = albumapp;
		};
		2540A3D62377ED650021FB11 /* PBXContainerItemProxy */ = {
			isa = PBXContainerItemProxy;
			containerPortal = 2540A3B72377ED640021FB11 /* Project object */;
			proxyType = 1;
			remoteGlobalIDString = 2540A3BE2377ED640021FB11;
			remoteInfo = albumapp;
		};
		2540A3E12377ED660021FB11 /* PBXContainerItemProxy */ = {
			isa = PBXContainerItemProxy;
			containerPortal = 2540A3B72377ED640021FB11 /* Project object */;
			proxyType = 1;
			remoteGlobalIDString = 2540A3BE2377ED640021FB11;
			remoteInfo = albumapp;
		};
/* End PBXContainerItemProxy section */

/* Begin PBXFileReference section */
		086B5BA6237ECF69006CA95E /* albumappUnitTests.xctest */ = {isa = PBXFileReference; explicitFileType = wrapper.cfbundle; includeInIndex = 0; path = albumappUnitTests.xctest; sourceTree = BUILT_PRODUCTS_DIR; };
		086B5BA8237ECF69006CA95E /* albumappUnitTests.swift */ = {isa = PBXFileReference; lastKnownFileType = sourcecode.swift; path = albumappUnitTests.swift; sourceTree = "<group>"; };
		086B5BAA237ECF69006CA95E /* Info.plist */ = {isa = PBXFileReference; lastKnownFileType = text.plist.xml; path = Info.plist; sourceTree = "<group>"; };
		086B5BB123827B16006CA95E /* Album.json */ = {isa = PBXFileReference; fileEncoding = 4; lastKnownFileType = text.json; path = Album.json; sourceTree = "<group>"; };
		086B5BB323870439006CA95E /* AlbumTestCase.swift */ = {isa = PBXFileReference; lastKnownFileType = sourcecode.swift; path = AlbumTestCase.swift; sourceTree = "<group>"; };
		2522169C2378411C000026C3 /* KeyChainWrapper.swift */ = {isa = PBXFileReference; lastKnownFileType = sourcecode.swift; path = KeyChainWrapper.swift; sourceTree = "<group>"; };
		252216AF237959FC000026C3 /* Album.Model.swift */ = {isa = PBXFileReference; lastKnownFileType = sourcecode.swift; path = Album.Model.swift; sourceTree = "<group>"; };
		2535E0A5237A57B4006B2159 /* albums.json */ = {isa = PBXFileReference; lastKnownFileType = text.json; path = albums.json; sourceTree = "<group>"; };
		2540A3BF2377ED640021FB11 /* albumapp.app */ = {isa = PBXFileReference; explicitFileType = wrapper.application; includeInIndex = 0; path = albumapp.app; sourceTree = BUILT_PRODUCTS_DIR; };
		2540A3C22377ED640021FB11 /* AppDelegate.swift */ = {isa = PBXFileReference; lastKnownFileType = sourcecode.swift; path = AppDelegate.swift; sourceTree = "<group>"; };
		2540A3C42377ED640021FB11 /* SceneDelegate.swift */ = {isa = PBXFileReference; lastKnownFileType = sourcecode.swift; path = SceneDelegate.swift; sourceTree = "<group>"; };
		2540A3C62377ED640021FB11 /* AlbumViewController.swift */ = {isa = PBXFileReference; lastKnownFileType = sourcecode.swift; path = AlbumViewController.swift; sourceTree = "<group>"; };
		2540A3C92377ED650021FB11 /* Base */ = {isa = PBXFileReference; lastKnownFileType = file.storyboard; name = Base; path = Base.lproj/Main.storyboard; sourceTree = "<group>"; };
		2540A3CB2377ED650021FB11 /* Assets.xcassets */ = {isa = PBXFileReference; lastKnownFileType = folder.assetcatalog; path = Assets.xcassets; sourceTree = "<group>"; };
		2540A3CE2377ED650021FB11 /* Base */ = {isa = PBXFileReference; lastKnownFileType = file.storyboard; name = Base; path = Base.lproj/LaunchScreen.storyboard; sourceTree = "<group>"; };
		2540A3D02377ED650021FB11 /* Info.plist */ = {isa = PBXFileReference; lastKnownFileType = text.plist.xml; path = Info.plist; sourceTree = "<group>"; };
		2540A3D52377ED650021FB11 /* albumappTests.xctest */ = {isa = PBXFileReference; explicitFileType = wrapper.cfbundle; includeInIndex = 0; path = albumappTests.xctest; sourceTree = BUILT_PRODUCTS_DIR; };
		2540A3D92377ED650021FB11 /* albumappTests.swift */ = {isa = PBXFileReference; lastKnownFileType = sourcecode.swift; path = albumappTests.swift; sourceTree = "<group>"; };
		2540A3DB2377ED660021FB11 /* Info.plist */ = {isa = PBXFileReference; lastKnownFileType = text.plist.xml; path = Info.plist; sourceTree = "<group>"; };
		2540A3E02377ED660021FB11 /* albumappUITests.xctest */ = {isa = PBXFileReference; explicitFileType = wrapper.cfbundle; includeInIndex = 0; path = albumappUITests.xctest; sourceTree = BUILT_PRODUCTS_DIR; };
		2540A3E42377ED660021FB11 /* albumappUITests.swift */ = {isa = PBXFileReference; lastKnownFileType = sourcecode.swift; path = albumappUITests.swift; sourceTree = "<group>"; };
		2540A3E62377ED660021FB11 /* Info.plist */ = {isa = PBXFileReference; lastKnownFileType = text.plist.xml; path = Info.plist; sourceTree = "<group>"; };
		2540A3F32377F0490021FB11 /* .swiftlint.yml */ = {isa = PBXFileReference; lastKnownFileType = text.yaml; path = .swiftlint.yml; sourceTree = "<group>"; };
		2540A4042377FE870021FB11 /* Podfile */ = {isa = PBXFileReference; lastKnownFileType = text; path = Podfile; sourceTree = "<group>"; xcLanguageSpecificationIdentifier = xcode.lang.ruby; };
		25A8096D237A712600F07132 /* photos.json */ = {isa = PBXFileReference; lastKnownFileType = text.json; path = photos.json; sourceTree = "<group>"; };
		25A8096F237A714700F07132 /* Photo.Model.swift */ = {isa = PBXFileReference; lastKnownFileType = sourcecode.swift; path = Photo.Model.swift; sourceTree = "<group>"; };
		25A80973237A849B00F07132 /* PhotoViewController.swift */ = {isa = PBXFileReference; fileEncoding = 4; lastKnownFileType = sourcecode.swift; path = PhotoViewController.swift; sourceTree = "<group>"; };
		25A809B8237D0D9200F07132 /* ActivityIndicator.swift */ = {isa = PBXFileReference; lastKnownFileType = sourcecode.swift; path = ActivityIndicator.swift; sourceTree = "<group>"; };
		57AA0FDF5908202B42728CF8 /* Pods_albumapp.framework */ = {isa = PBXFileReference; explicitFileType = wrapper.framework; includeInIndex = 0; path = Pods_albumapp.framework; sourceTree = BUILT_PRODUCTS_DIR; };
		8566AE2F7B6653D28028EEBD /* Pods-albumapp.release.xcconfig */ = {isa = PBXFileReference; includeInIndex = 1; lastKnownFileType = text.xcconfig; name = "Pods-albumapp.release.xcconfig"; path = "Target Support Files/Pods-albumapp/Pods-albumapp.release.xcconfig"; sourceTree = "<group>"; };
		FED77D59EDFBD7EF5EB2E939 /* Pods-albumapp.debug.xcconfig */ = {isa = PBXFileReference; includeInIndex = 1; lastKnownFileType = text.xcconfig; name = "Pods-albumapp.debug.xcconfig"; path = "Target Support Files/Pods-albumapp/Pods-albumapp.debug.xcconfig"; sourceTree = "<group>"; };
/* End PBXFileReference section */

/* Begin PBXFrameworksBuildPhase section */
		086B5BA3237ECF69006CA95E /* Frameworks */ = {
			isa = PBXFrameworksBuildPhase;
			buildActionMask = 2147483647;
			files = (
			);
			runOnlyForDeploymentPostprocessing = 0;
		};
		2540A3BC2377ED640021FB11 /* Frameworks */ = {
			isa = PBXFrameworksBuildPhase;
			buildActionMask = 2147483647;
			files = (
				3E7D9CA377D2DE4A4E6B4780 /* Pods_albumapp.framework in Frameworks */,
			);
			runOnlyForDeploymentPostprocessing = 0;
		};
		2540A3D22377ED650021FB11 /* Frameworks */ = {
			isa = PBXFrameworksBuildPhase;
			buildActionMask = 2147483647;
			files = (
			);
			runOnlyForDeploymentPostprocessing = 0;
		};
		2540A3DD2377ED660021FB11 /* Frameworks */ = {
			isa = PBXFrameworksBuildPhase;
			buildActionMask = 2147483647;
			files = (
			);
			runOnlyForDeploymentPostprocessing = 0;
		};
/* End PBXFrameworksBuildPhase section */

/* Begin PBXGroup section */
		086B5BA7237ECF69006CA95E /* albumappUnitTests */ = {
			isa = PBXGroup;
			children = (
				086B5BB023827AB9006CA95E /* TestData */,
				086B5BA8237ECF69006CA95E /* albumappUnitTests.swift */,
				086B5BAA237ECF69006CA95E /* Info.plist */,
				086B5BB323870439006CA95E /* AlbumTestCase.swift */,
			);
			path = albumappUnitTests;
			sourceTree = "<group>";
		};
		086B5BB023827AB9006CA95E /* TestData */ = {
			isa = PBXGroup;
			children = (
				086B5BB123827B16006CA95E /* Album.json */,
			);
			path = TestData;
			sourceTree = "<group>";
		};
		252216AD23795977000026C3 /* Controllers */ = {
			isa = PBXGroup;
			children = (
				25A80973237A849B00F07132 /* PhotoViewController.swift */,
				2540A3C62377ED640021FB11 /* AlbumViewController.swift */,
			);
			path = Controllers;
			sourceTree = "<group>";
		};
		252216AE237959D0000026C3 /* Models */ = {
			isa = PBXGroup;
			children = (
				252216AF237959FC000026C3 /* Album.Model.swift */,
				25A8096F237A714700F07132 /* Photo.Model.swift */,
			);
			path = Models;
			sourceTree = "<group>";
		};
		252216B223795AA4000026C3 /* Utils */ = {
			isa = PBXGroup;
			children = (
				2522169C2378411C000026C3 /* KeyChainWrapper.swift */,
				25A809B8237D0D9200F07132 /* ActivityIndicator.swift */,
			);
			path = Utils;
			sourceTree = "<group>";
		};
		252216C3237A4102000026C3 /* Views */ = {
			isa = PBXGroup;
			children = (
				2540A3C82377ED650021FB11 /* Main.storyboard */,
			);
			path = Views;
			sourceTree = "<group>";
		};
		2535E0A4237A578A006B2159 /* MockAPI */ = {
			isa = PBXGroup;
			children = (
				2535E0A5237A57B4006B2159 /* albums.json */,
				25A8096D237A712600F07132 /* photos.json */,
			);
			path = MockAPI;
			sourceTree = "<group>";
		};
		2540A3B62377ED640021FB11 = {
			isa = PBXGroup;
			children = (
				2540A3F32377F0490021FB11 /* .swiftlint.yml */,
				2540A3C12377ED640021FB11 /* albumapp */,
				2540A3D82377ED650021FB11 /* albumappTests */,
				2540A3E32377ED660021FB11 /* albumappUITests */,
				086B5BA7237ECF69006CA95E /* albumappUnitTests */,
				2540A3C02377ED640021FB11 /* Products */,
				2540A4042377FE870021FB11 /* Podfile */,
				AABF92F183F517BEDE86A8D9 /* Pods */,
				BB3631EFB6C5CE81D2FC0382 /* Frameworks */,
			);
			sourceTree = "<group>";
		};
		2540A3C02377ED640021FB11 /* Products */ = {
			isa = PBXGroup;
			children = (
				2540A3BF2377ED640021FB11 /* albumapp.app */,
				2540A3D52377ED650021FB11 /* albumappTests.xctest */,
				2540A3E02377ED660021FB11 /* albumappUITests.xctest */,
				086B5BA6237ECF69006CA95E /* albumappUnitTests.xctest */,
			);
			name = Products;
			sourceTree = "<group>";
		};
		2540A3C12377ED640021FB11 /* albumapp */ = {
			isa = PBXGroup;
			children = (
				2535E0A4237A578A006B2159 /* MockAPI */,
				252216B223795AA4000026C3 /* Utils */,
				252216AE237959D0000026C3 /* Models */,
				252216AD23795977000026C3 /* Controllers */,
				2540A3C22377ED640021FB11 /* AppDelegate.swift */,
				2540A3C42377ED640021FB11 /* SceneDelegate.swift */,
				252216C3237A4102000026C3 /* Views */,
				2540A3CB2377ED650021FB11 /* Assets.xcassets */,
				2540A3CD2377ED650021FB11 /* LaunchScreen.storyboard */,
				2540A3D02377ED650021FB11 /* Info.plist */,
			);
			path = albumapp;
			sourceTree = "<group>";
		};
		2540A3D82377ED650021FB11 /* albumappTests */ = {
			isa = PBXGroup;
			children = (
				2540A3D92377ED650021FB11 /* albumappTests.swift */,
				2540A3DB2377ED660021FB11 /* Info.plist */,
			);
			path = albumappTests;
			sourceTree = "<group>";
		};
		2540A3E32377ED660021FB11 /* albumappUITests */ = {
			isa = PBXGroup;
			children = (
				2540A3E42377ED660021FB11 /* albumappUITests.swift */,
				2540A3E62377ED660021FB11 /* Info.plist */,
			);
			path = albumappUITests;
			sourceTree = "<group>";
		};
		AABF92F183F517BEDE86A8D9 /* Pods */ = {
			isa = PBXGroup;
			children = (
				FED77D59EDFBD7EF5EB2E939 /* Pods-albumapp.debug.xcconfig */,
				8566AE2F7B6653D28028EEBD /* Pods-albumapp.release.xcconfig */,
			);
			path = Pods;
			sourceTree = "<group>";
		};
		BB3631EFB6C5CE81D2FC0382 /* Frameworks */ = {
			isa = PBXGroup;
			children = (
				57AA0FDF5908202B42728CF8 /* Pods_albumapp.framework */,
			);
			name = Frameworks;
			sourceTree = "<group>";
		};
/* End PBXGroup section */

/* Begin PBXNativeTarget section */
		086B5BA5237ECF69006CA95E /* albumappUnitTests */ = {
			isa = PBXNativeTarget;
			buildConfigurationList = 086B5BAF237ECF69006CA95E /* Build configuration list for PBXNativeTarget "albumappUnitTests" */;
			buildPhases = (
				086B5BA2237ECF69006CA95E /* Sources */,
				086B5BA3237ECF69006CA95E /* Frameworks */,
				086B5BA4237ECF69006CA95E /* Resources */,
			);
			buildRules = (
			);
			dependencies = (
				086B5BAC237ECF69006CA95E /* PBXTargetDependency */,
			);
			name = albumappUnitTests;
			productName = albumappUnitTests;
			productReference = 086B5BA6237ECF69006CA95E /* albumappUnitTests.xctest */;
			productType = "com.apple.product-type.bundle.unit-test";
		};
		2540A3BE2377ED640021FB11 /* albumapp */ = {
			isa = PBXNativeTarget;
			buildConfigurationList = 2540A3E92377ED660021FB11 /* Build configuration list for PBXNativeTarget "albumapp" */;
			buildPhases = (
				CA1EEB2F5177076476086121 /* [CP] Check Pods Manifest.lock */,
				2540A3BB2377ED640021FB11 /* Sources */,
				2540A3BC2377ED640021FB11 /* Frameworks */,
				2540A3BD2377ED640021FB11 /* Resources */,
				2540A3F22377EF7A0021FB11 /* Swiftlint */,
				B76A9BB7139E089B3B274BCD /* [CP] Embed Pods Frameworks */,
				250EC31A237D852B00F996E6 /* ShellScript */,
			);
			buildRules = (
			);
			dependencies = (
			);
			name = albumapp;
			productName = albumapp;
			productReference = 2540A3BF2377ED640021FB11 /* albumapp.app */;
			productType = "com.apple.product-type.application";
		};
		2540A3D42377ED650021FB11 /* albumappTests */ = {
			isa = PBXNativeTarget;
			buildConfigurationList = 2540A3EC2377ED660021FB11 /* Build configuration list for PBXNativeTarget "albumappTests" */;
			buildPhases = (
				2540A3D12377ED650021FB11 /* Sources */,
				2540A3D22377ED650021FB11 /* Frameworks */,
				2540A3D32377ED650021FB11 /* Resources */,
			);
			buildRules = (
			);
			dependencies = (
				2540A3D72377ED650021FB11 /* PBXTargetDependency */,
			);
			name = albumappTests;
			productName = albumappTests;
			productReference = 2540A3D52377ED650021FB11 /* albumappTests.xctest */;
			productType = "com.apple.product-type.bundle.unit-test";
		};
		2540A3DF2377ED660021FB11 /* albumappUITests */ = {
			isa = PBXNativeTarget;
			buildConfigurationList = 2540A3EF2377ED660021FB11 /* Build configuration list for PBXNativeTarget "albumappUITests" */;
			buildPhases = (
				2540A3DC2377ED660021FB11 /* Sources */,
				2540A3DD2377ED660021FB11 /* Frameworks */,
				2540A3DE2377ED660021FB11 /* Resources */,
			);
			buildRules = (
			);
			dependencies = (
				2540A3E22377ED660021FB11 /* PBXTargetDependency */,
			);
			name = albumappUITests;
			productName = albumappUITests;
			productReference = 2540A3E02377ED660021FB11 /* albumappUITests.xctest */;
			productType = "com.apple.product-type.bundle.ui-testing";
		};
/* End PBXNativeTarget section */

/* Begin PBXProject section */
		2540A3B72377ED640021FB11 /* Project object */ = {
			isa = PBXProject;
			attributes = {
				LastSwiftUpdateCheck = 1110;
				LastUpgradeCheck = 1120;
				ORGANIZATIONNAME = arvind;
				TargetAttributes = {
					086B5BA5237ECF69006CA95E = {
						CreatedOnToolsVersion = 11.1;
						TestTargetID = 2540A3BE2377ED640021FB11;
					};
					2540A3BE2377ED640021FB11 = {
						CreatedOnToolsVersion = 11.2;
					};
					2540A3D42377ED650021FB11 = {
						CreatedOnToolsVersion = 11.2;
						TestTargetID = 2540A3BE2377ED640021FB11;
					};
					2540A3DF2377ED660021FB11 = {
						CreatedOnToolsVersion = 11.2;
						TestTargetID = 2540A3BE2377ED640021FB11;
					};
				};
			};
			buildConfigurationList = 2540A3BA2377ED640021FB11 /* Build configuration list for PBXProject "albumapp" */;
			compatibilityVersion = "Xcode 9.3";
			developmentRegion = en;
			hasScannedForEncodings = 0;
			knownRegions = (
				en,
				Base,
			);
			mainGroup = 2540A3B62377ED640021FB11;
			productRefGroup = 2540A3C02377ED640021FB11 /* Products */;
			projectDirPath = "";
			projectRoot = "";
			targets = (
				2540A3BE2377ED640021FB11 /* albumapp */,
				2540A3D42377ED650021FB11 /* albumappTests */,
				2540A3DF2377ED660021FB11 /* albumappUITests */,
				086B5BA5237ECF69006CA95E /* albumappUnitTests */,
			);
		};
/* End PBXProject section */

/* Begin PBXResourcesBuildPhase section */
		086B5BA4237ECF69006CA95E /* Resources */ = {
			isa = PBXResourcesBuildPhase;
			buildActionMask = 2147483647;
			files = (
				086B5BB223827B16006CA95E /* Album.json in Resources */,
			);
			runOnlyForDeploymentPostprocessing = 0;
		};
		2540A3BD2377ED640021FB11 /* Resources */ = {
			isa = PBXResourcesBuildPhase;
			buildActionMask = 2147483647;
			files = (
				2540A4052377FE870021FB11 /* Podfile in Resources */,
				2540A3F42377F0490021FB11 /* .swiftlint.yml in Resources */,
				2540A3CF2377ED650021FB11 /* LaunchScreen.storyboard in Resources */,
				25A8096E237A712600F07132 /* photos.json in Resources */,
				2535E0A6237A57B4006B2159 /* albums.json in Resources */,
				2540A3CC2377ED650021FB11 /* Assets.xcassets in Resources */,
				2540A3CA2377ED650021FB11 /* Main.storyboard in Resources */,
			);
			runOnlyForDeploymentPostprocessing = 0;
		};
		2540A3D32377ED650021FB11 /* Resources */ = {
			isa = PBXResourcesBuildPhase;
			buildActionMask = 2147483647;
			files = (
				2540A4062377FE870021FB11 /* Podfile in Resources */,
				2540A3F52377F0490021FB11 /* .swiftlint.yml in Resources */,
			);
			runOnlyForDeploymentPostprocessing = 0;
		};
		2540A3DE2377ED660021FB11 /* Resources */ = {
			isa = PBXResourcesBuildPhase;
			buildActionMask = 2147483647;
			files = (
				2540A4072377FE870021FB11 /* Podfile in Resources */,
				2540A3F62377F0490021FB11 /* .swiftlint.yml in Resources */,
			);
			runOnlyForDeploymentPostprocessing = 0;
		};
/* End PBXResourcesBuildPhase section */

/* Begin PBXShellScriptBuildPhase section */
		250EC31A237D852B00F996E6 /* ShellScript */ = {
			isa = PBXShellScriptBuildPhase;
			buildActionMask = 2147483647;
			files = (
			);
			inputFileListPaths = (
			);
			inputPaths = (
			);
			outputFileListPaths = (
			);
			outputPaths = (
			);
			runOnlyForDeploymentPostprocessing = 0;
			shellPath = /bin/sh;
			shellScript = "# Type a script or drag a script file from your workspace to insert its path.\n";
		};
		2540A3F22377EF7A0021FB11 /* Swiftlint */ = {
			isa = PBXShellScriptBuildPhase;
			buildActionMask = 2147483647;
			files = (
			);
			inputFileListPaths = (
			);
			inputPaths = (
			);
			name = Swiftlint;
			outputFileListPaths = (
			);
			outputPaths = (
			);
			runOnlyForDeploymentPostprocessing = 0;
			shellPath = /bin/sh;
			shellScript = "# Type a script or drag a script file from your workspace to insert its path.\nif ! [ -x \"$(command -v swiftlint)\" ]; then\n  echo 'Error: swiftlint is not installed. Install swiftlint to continue' >&2\n  exit 1\nfi\nswiftlint autocorrect\nswiftlint\n";
		};
		B76A9BB7139E089B3B274BCD /* [CP] Embed Pods Frameworks */ = {
			isa = PBXShellScriptBuildPhase;
			buildActionMask = 2147483647;
			files = (
			);
			inputFileListPaths = (
				"${PODS_ROOT}/Target Support Files/Pods-albumapp/Pods-albumapp-frameworks-${CONFIGURATION}-input-files.xcfilelist",
			);
			name = "[CP] Embed Pods Frameworks";
			outputFileListPaths = (
				"${PODS_ROOT}/Target Support Files/Pods-albumapp/Pods-albumapp-frameworks-${CONFIGURATION}-output-files.xcfilelist",
			);
			runOnlyForDeploymentPostprocessing = 0;
			shellPath = /bin/sh;
			shellScript = "\"${PODS_ROOT}/Target Support Files/Pods-albumapp/Pods-albumapp-frameworks.sh\"\n";
			showEnvVarsInLog = 0;
		};
		CA1EEB2F5177076476086121 /* [CP] Check Pods Manifest.lock */ = {
			isa = PBXShellScriptBuildPhase;
			buildActionMask = 2147483647;
			files = (
			);
			inputFileListPaths = (
			);
			inputPaths = (
				"${PODS_PODFILE_DIR_PATH}/Podfile.lock",
				"${PODS_ROOT}/Manifest.lock",
			);
			name = "[CP] Check Pods Manifest.lock";
			outputFileListPaths = (
			);
			outputPaths = (
				"$(DERIVED_FILE_DIR)/Pods-albumapp-checkManifestLockResult.txt",
			);
			runOnlyForDeploymentPostprocessing = 0;
			shellPath = /bin/sh;
			shellScript = "diff \"${PODS_PODFILE_DIR_PATH}/Podfile.lock\" \"${PODS_ROOT}/Manifest.lock\" > /dev/null\nif [ $? != 0 ] ; then\n    # print error to STDERR\n    echo \"error: The sandbox is not in sync with the Podfile.lock. Run 'pod install' or update your CocoaPods installation.\" >&2\n    exit 1\nfi\n# This output is used by Xcode 'outputs' to avoid re-running this script phase.\necho \"SUCCESS\" > \"${SCRIPT_OUTPUT_FILE_0}\"\n";
			showEnvVarsInLog = 0;
		};
/* End PBXShellScriptBuildPhase section */

/* Begin PBXSourcesBuildPhase section */
		086B5BA2237ECF69006CA95E /* Sources */ = {
			isa = PBXSourcesBuildPhase;
			buildActionMask = 2147483647;
			files = (
				086B5BA9237ECF69006CA95E /* albumappUnitTests.swift in Sources */,
				086B5BB42387043A006CA95E /* AlbumTestCase.swift in Sources */,
			);
			runOnlyForDeploymentPostprocessing = 0;
		};
		2540A3BB2377ED640021FB11 /* Sources */ = {
			isa = PBXSourcesBuildPhase;
			buildActionMask = 2147483647;
			files = (
				252216B0237959FC000026C3 /* Album.Model.swift in Sources */,
				2540A3C72377ED640021FB11 /* AlbumViewController.swift in Sources */,
				2522169D2378411C000026C3 /* KeyChainWrapper.swift in Sources */,
				2540A3C32377ED640021FB11 /* AppDelegate.swift in Sources */,
				25A809B9237D0D9200F07132 /* ActivityIndicator.swift in Sources */,
				25A80974237A849B00F07132 /* PhotoViewController.swift in Sources */,
				2540A3C52377ED640021FB11 /* SceneDelegate.swift in Sources */,
				25A80970237A714700F07132 /* Photo.Model.swift in Sources */,
			);
			runOnlyForDeploymentPostprocessing = 0;
		};
		2540A3D12377ED650021FB11 /* Sources */ = {
			isa = PBXSourcesBuildPhase;
			buildActionMask = 2147483647;
			files = (
				2540A3DA2377ED650021FB11 /* albumappTests.swift in Sources */,
			);
			runOnlyForDeploymentPostprocessing = 0;
		};
		2540A3DC2377ED660021FB11 /* Sources */ = {
			isa = PBXSourcesBuildPhase;
			buildActionMask = 2147483647;
			files = (
				2540A3E52377ED660021FB11 /* albumappUITests.swift in Sources */,
			);
			runOnlyForDeploymentPostprocessing = 0;
		};
/* End PBXSourcesBuildPhase section */

/* Begin PBXTargetDependency section */
		086B5BAC237ECF69006CA95E /* PBXTargetDependency */ = {
			isa = PBXTargetDependency;
			target = 2540A3BE2377ED640021FB11 /* albumapp */;
			targetProxy = 086B5BAB237ECF69006CA95E /* PBXContainerItemProxy */;
		};
		2540A3D72377ED650021FB11 /* PBXTargetDependency */ = {
			isa = PBXTargetDependency;
			target = 2540A3BE2377ED640021FB11 /* albumapp */;
			targetProxy = 2540A3D62377ED650021FB11 /* PBXContainerItemProxy */;
		};
		2540A3E22377ED660021FB11 /* PBXTargetDependency */ = {
			isa = PBXTargetDependency;
			target = 2540A3BE2377ED640021FB11 /* albumapp */;
			targetProxy = 2540A3E12377ED660021FB11 /* PBXContainerItemProxy */;
		};
/* End PBXTargetDependency section */

/* Begin PBXVariantGroup section */
		2540A3C82377ED650021FB11 /* Main.storyboard */ = {
			isa = PBXVariantGroup;
			children = (
				2540A3C92377ED650021FB11 /* Base */,
			);
			name = Main.storyboard;
			sourceTree = "<group>";
		};
		2540A3CD2377ED650021FB11 /* LaunchScreen.storyboard */ = {
			isa = PBXVariantGroup;
			children = (
				2540A3CE2377ED650021FB11 /* Base */,
			);
			name = LaunchScreen.storyboard;
			sourceTree = "<group>";
		};
/* End PBXVariantGroup section */

/* Begin XCBuildConfiguration section */
		086B5BAD237ECF69006CA95E /* Debug */ = {
			isa = XCBuildConfiguration;
			buildSettings = {
				BUNDLE_LOADER = "$(TEST_HOST)";
				CODE_SIGN_STYLE = Automatic;
				INFOPLIST_FILE = albumappUnitTests/Info.plist;
				IPHONEOS_DEPLOYMENT_TARGET = 13.1;
				LD_RUNPATH_SEARCH_PATHS = (
					"$(inherited)",
					"@executable_path/Frameworks",
					"@loader_path/Frameworks",
				);
				PRODUCT_BUNDLE_IDENTIFIER = com.test.albumappUnitTests;
				PRODUCT_NAME = "$(TARGET_NAME)";
				SWIFT_VERSION = 5.0;
				TARGETED_DEVICE_FAMILY = "1,2";
				TEST_HOST = "$(BUILT_PRODUCTS_DIR)/albumapp.app/albumapp";
			};
			name = Debug;
		};
		086B5BAE237ECF69006CA95E /* Release */ = {
			isa = XCBuildConfiguration;
			buildSettings = {
				BUNDLE_LOADER = "$(TEST_HOST)";
				CODE_SIGN_STYLE = Automatic;
				INFOPLIST_FILE = albumappUnitTests/Info.plist;
				IPHONEOS_DEPLOYMENT_TARGET = 13.1;
				LD_RUNPATH_SEARCH_PATHS = (
					"$(inherited)",
					"@executable_path/Frameworks",
					"@loader_path/Frameworks",
				);
				PRODUCT_BUNDLE_IDENTIFIER = com.test.albumappUnitTests;
				PRODUCT_NAME = "$(TARGET_NAME)";
				SWIFT_VERSION = 5.0;
				TARGETED_DEVICE_FAMILY = "1,2";
				TEST_HOST = "$(BUILT_PRODUCTS_DIR)/albumapp.app/albumapp";
			};
			name = Release;
		};
		2540A3E72377ED660021FB11 /* Debug */ = {
			isa = XCBuildConfiguration;
			buildSettings = {
				ALWAYS_SEARCH_USER_PATHS = NO;
				CLANG_ANALYZER_NONNULL = YES;
				CLANG_ANALYZER_NUMBER_OBJECT_CONVERSION = YES_AGGRESSIVE;
				CLANG_CXX_LANGUAGE_STANDARD = "gnu++14";
				CLANG_CXX_LIBRARY = "libc++";
				CLANG_ENABLE_MODULES = YES;
				CLANG_ENABLE_OBJC_ARC = YES;
				CLANG_ENABLE_OBJC_WEAK = YES;
				CLANG_WARN_BLOCK_CAPTURE_AUTORELEASING = YES;
				CLANG_WARN_BOOL_CONVERSION = YES;
				CLANG_WARN_COMMA = YES;
				CLANG_WARN_CONSTANT_CONVERSION = YES;
				CLANG_WARN_DEPRECATED_OBJC_IMPLEMENTATIONS = YES;
				CLANG_WARN_DIRECT_OBJC_ISA_USAGE = YES_ERROR;
				CLANG_WARN_DOCUMENTATION_COMMENTS = YES;
				CLANG_WARN_EMPTY_BODY = YES;
				CLANG_WARN_ENUM_CONVERSION = YES;
				CLANG_WARN_INFINITE_RECURSION = YES;
				CLANG_WARN_INT_CONVERSION = YES;
				CLANG_WARN_NON_LITERAL_NULL_CONVERSION = YES;
				CLANG_WARN_OBJC_IMPLICIT_RETAIN_SELF = YES;
				CLANG_WARN_OBJC_LITERAL_CONVERSION = YES;
				CLANG_WARN_OBJC_ROOT_CLASS = YES_ERROR;
				CLANG_WARN_RANGE_LOOP_ANALYSIS = YES;
				CLANG_WARN_STRICT_PROTOTYPES = YES;
				CLANG_WARN_SUSPICIOUS_MOVE = YES;
				CLANG_WARN_UNGUARDED_AVAILABILITY = YES_AGGRESSIVE;
				CLANG_WARN_UNREACHABLE_CODE = YES;
				CLANG_WARN__DUPLICATE_METHOD_MATCH = YES;
				COPY_PHASE_STRIP = NO;
				DEBUG_INFORMATION_FORMAT = dwarf;
				ENABLE_STRICT_OBJC_MSGSEND = YES;
				ENABLE_TESTABILITY = YES;
				GCC_C_LANGUAGE_STANDARD = gnu11;
				GCC_DYNAMIC_NO_PIC = NO;
				GCC_NO_COMMON_BLOCKS = YES;
				GCC_OPTIMIZATION_LEVEL = 0;
				GCC_PREPROCESSOR_DEFINITIONS = (
					"DEBUG=1",
					"$(inherited)",
				);
				GCC_WARN_64_TO_32_BIT_CONVERSION = YES;
				GCC_WARN_ABOUT_RETURN_TYPE = YES_ERROR;
				GCC_WARN_UNDECLARED_SELECTOR = YES;
				GCC_WARN_UNINITIALIZED_AUTOS = YES_AGGRESSIVE;
				GCC_WARN_UNUSED_FUNCTION = YES;
				GCC_WARN_UNUSED_VARIABLE = YES;
				IPHONEOS_DEPLOYMENT_TARGET = 13.2;
				MTL_ENABLE_DEBUG_INFO = INCLUDE_SOURCE;
				MTL_FAST_MATH = YES;
				ONLY_ACTIVE_ARCH = YES;
				SDKROOT = iphoneos;
				SWIFT_ACTIVE_COMPILATION_CONDITIONS = DEBUG;
				SWIFT_OPTIMIZATION_LEVEL = "-Onone";
			};
			name = Debug;
		};
		2540A3E82377ED660021FB11 /* Release */ = {
			isa = XCBuildConfiguration;
			buildSettings = {
				ALWAYS_SEARCH_USER_PATHS = NO;
				CLANG_ANALYZER_NONNULL = YES;
				CLANG_ANALYZER_NUMBER_OBJECT_CONVERSION = YES_AGGRESSIVE;
				CLANG_CXX_LANGUAGE_STANDARD = "gnu++14";
				CLANG_CXX_LIBRARY = "libc++";
				CLANG_ENABLE_MODULES = YES;
				CLANG_ENABLE_OBJC_ARC = YES;
				CLANG_ENABLE_OBJC_WEAK = YES;
				CLANG_WARN_BLOCK_CAPTURE_AUTORELEASING = YES;
				CLANG_WARN_BOOL_CONVERSION = YES;
				CLANG_WARN_COMMA = YES;
				CLANG_WARN_CONSTANT_CONVERSION = YES;
				CLANG_WARN_DEPRECATED_OBJC_IMPLEMENTATIONS = YES;
				CLANG_WARN_DIRECT_OBJC_ISA_USAGE = YES_ERROR;
				CLANG_WARN_DOCUMENTATION_COMMENTS = YES;
				CLANG_WARN_EMPTY_BODY = YES;
				CLANG_WARN_ENUM_CONVERSION = YES;
				CLANG_WARN_INFINITE_RECURSION = YES;
				CLANG_WARN_INT_CONVERSION = YES;
				CLANG_WARN_NON_LITERAL_NULL_CONVERSION = YES;
				CLANG_WARN_OBJC_IMPLICIT_RETAIN_SELF = YES;
				CLANG_WARN_OBJC_LITERAL_CONVERSION = YES;
				CLANG_WARN_OBJC_ROOT_CLASS = YES_ERROR;
				CLANG_WARN_RANGE_LOOP_ANALYSIS = YES;
				CLANG_WARN_STRICT_PROTOTYPES = YES;
				CLANG_WARN_SUSPICIOUS_MOVE = YES;
				CLANG_WARN_UNGUARDED_AVAILABILITY = YES_AGGRESSIVE;
				CLANG_WARN_UNREACHABLE_CODE = YES;
				CLANG_WARN__DUPLICATE_METHOD_MATCH = YES;
				COPY_PHASE_STRIP = NO;
				DEBUG_INFORMATION_FORMAT = "dwarf-with-dsym";
				ENABLE_NS_ASSERTIONS = NO;
				ENABLE_STRICT_OBJC_MSGSEND = YES;
				GCC_C_LANGUAGE_STANDARD = gnu11;
				GCC_NO_COMMON_BLOCKS = YES;
				GCC_WARN_64_TO_32_BIT_CONVERSION = YES;
				GCC_WARN_ABOUT_RETURN_TYPE = YES_ERROR;
				GCC_WARN_UNDECLARED_SELECTOR = YES;
				GCC_WARN_UNINITIALIZED_AUTOS = YES_AGGRESSIVE;
				GCC_WARN_UNUSED_FUNCTION = YES;
				GCC_WARN_UNUSED_VARIABLE = YES;
				IPHONEOS_DEPLOYMENT_TARGET = 13.2;
				MTL_ENABLE_DEBUG_INFO = NO;
				MTL_FAST_MATH = YES;
				SDKROOT = iphoneos;
				SWIFT_COMPILATION_MODE = wholemodule;
				SWIFT_OPTIMIZATION_LEVEL = "-O";
				VALIDATE_PRODUCT = YES;
			};
			name = Release;
		};
		2540A3EA2377ED660021FB11 /* Debug */ = {
			isa = XCBuildConfiguration;
			baseConfigurationReference = FED77D59EDFBD7EF5EB2E939 /* Pods-albumapp.debug.xcconfig */;
			buildSettings = {
				ASSETCATALOG_COMPILER_APPICON_NAME = AppIcon;
				CODE_SIGN_STYLE = Automatic;
				DEVELOPMENT_TEAM = VND6E472H3;
				INFOPLIST_FILE = albumapp/Info.plist;
				IPHONEOS_DEPLOYMENT_TARGET = 13.1;
				LD_RUNPATH_SEARCH_PATHS = (
					"$(inherited)",
					"@executable_path/Frameworks",
				);
				PRODUCT_BUNDLE_IDENTIFIER = com.deloitte.albumapp;
				PRODUCT_NAME = "$(TARGET_NAME)";
				SWIFT_VERSION = 5.0;
				TARGETED_DEVICE_FAMILY = "1,2";
			};
			name = Debug;
		};
		2540A3EB2377ED660021FB11 /* Release */ = {
			isa = XCBuildConfiguration;
			baseConfigurationReference = 8566AE2F7B6653D28028EEBD /* Pods-albumapp.release.xcconfig */;
			buildSettings = {
				ASSETCATALOG_COMPILER_APPICON_NAME = AppIcon;
				CODE_SIGN_STYLE = Automatic;
				DEVELOPMENT_TEAM = VND6E472H3;
				INFOPLIST_FILE = albumapp/Info.plist;
				IPHONEOS_DEPLOYMENT_TARGET = 13.1;
				LD_RUNPATH_SEARCH_PATHS = (
					"$(inherited)",
					"@executable_path/Frameworks",
				);
				PRODUCT_BUNDLE_IDENTIFIER = com.deloitte.albumapp;
				PRODUCT_NAME = "$(TARGET_NAME)";
				SWIFT_VERSION = 5.0;
				TARGETED_DEVICE_FAMILY = "1,2";
			};
			name = Release;
		};
		2540A3ED2377ED660021FB11 /* Debug */ = {
			isa = XCBuildConfiguration;
			buildSettings = {
				ALWAYS_EMBED_SWIFT_STANDARD_LIBRARIES = YES;
				BUNDLE_LOADER = "$(TEST_HOST)";
				CODE_SIGN_STYLE = Automatic;
				DEVELOPMENT_TEAM = VND6E472H3;
				INFOPLIST_FILE = albumappTests/Info.plist;
				IPHONEOS_DEPLOYMENT_TARGET = 13.2;
				LD_RUNPATH_SEARCH_PATHS = (
					"$(inherited)",
					"@executable_path/Frameworks",
					"@loader_path/Frameworks",
				);
				PRODUCT_BUNDLE_IDENTIFIER = com.deloitte.albumappTests;
				PRODUCT_NAME = "$(TARGET_NAME)";
				SWIFT_VERSION = 5.0;
				TARGETED_DEVICE_FAMILY = "1,2";
				TEST_HOST = "$(BUILT_PRODUCTS_DIR)/albumapp.app/albumapp";
			};
			name = Debug;
		};
		2540A3EE2377ED660021FB11 /* Release */ = {
			isa = XCBuildConfiguration;
			buildSettings = {
				ALWAYS_EMBED_SWIFT_STANDARD_LIBRARIES = YES;
				BUNDLE_LOADER = "$(TEST_HOST)";
				CODE_SIGN_STYLE = Automatic;
				DEVELOPMENT_TEAM = VND6E472H3;
				INFOPLIST_FILE = albumappTests/Info.plist;
				IPHONEOS_DEPLOYMENT_TARGET = 13.2;
				LD_RUNPATH_SEARCH_PATHS = (
					"$(inherited)",
					"@executable_path/Frameworks",
					"@loader_path/Frameworks",
				);
				PRODUCT_BUNDLE_IDENTIFIER = com.deloitte.albumappTests;
				PRODUCT_NAME = "$(TARGET_NAME)";
				SWIFT_VERSION = 5.0;
				TARGETED_DEVICE_FAMILY = "1,2";
				TEST_HOST = "$(BUILT_PRODUCTS_DIR)/albumapp.app/albumapp";
			};
			name = Release;
		};
		2540A3F02377ED660021FB11 /* Debug */ = {
			isa = XCBuildConfiguration;
			buildSettings = {
				ALWAYS_EMBED_SWIFT_STANDARD_LIBRARIES = YES;
				CODE_SIGN_STYLE = Automatic;
				DEVELOPMENT_TEAM = VND6E472H3;
				INFOPLIST_FILE = albumappUITests/Info.plist;
				LD_RUNPATH_SEARCH_PATHS = (
					"$(inherited)",
					"@executable_path/Frameworks",
					"@loader_path/Frameworks",
				);
				PRODUCT_BUNDLE_IDENTIFIER = com.deloitte.albumappUITests;
				PRODUCT_NAME = "$(TARGET_NAME)";
				SWIFT_VERSION = 5.0;
				TARGETED_DEVICE_FAMILY = "1,2";
				TEST_TARGET_NAME = albumapp;
			};
			name = Debug;
		};
		2540A3F12377ED660021FB11 /* Release */ = {
			isa = XCBuildConfiguration;
			buildSettings = {
				ALWAYS_EMBED_SWIFT_STANDARD_LIBRARIES = YES;
				CODE_SIGN_STYLE = Automatic;
				DEVELOPMENT_TEAM = VND6E472H3;
				INFOPLIST_FILE = albumappUITests/Info.plist;
				LD_RUNPATH_SEARCH_PATHS = (
					"$(inherited)",
					"@executable_path/Frameworks",
					"@loader_path/Frameworks",
				);
				PRODUCT_BUNDLE_IDENTIFIER = com.deloitte.albumappUITests;
				PRODUCT_NAME = "$(TARGET_NAME)";
				SWIFT_VERSION = 5.0;
				TARGETED_DEVICE_FAMILY = "1,2";
				TEST_TARGET_NAME = albumapp;
			};
			name = Release;
		};
/* End XCBuildConfiguration section */

/* Begin XCConfigurationList section */
		086B5BAF237ECF69006CA95E /* Build configuration list for PBXNativeTarget "albumappUnitTests" */ = {
			isa = XCConfigurationList;
			buildConfigurations = (
				086B5BAD237ECF69006CA95E /* Debug */,
				086B5BAE237ECF69006CA95E /* Release */,
			);
			defaultConfigurationIsVisible = 0;
			defaultConfigurationName = Release;
		};
		2540A3BA2377ED640021FB11 /* Build configuration list for PBXProject "albumapp" */ = {
			isa = XCConfigurationList;
			buildConfigurations = (
				2540A3E72377ED660021FB11 /* Debug */,
				2540A3E82377ED660021FB11 /* Release */,
			);
			defaultConfigurationIsVisible = 0;
			defaultConfigurationName = Release;
		};
		2540A3E92377ED660021FB11 /* Build configuration list for PBXNativeTarget "albumapp" */ = {
			isa = XCConfigurationList;
			buildConfigurations = (
				2540A3EA2377ED660021FB11 /* Debug */,
				2540A3EB2377ED660021FB11 /* Release */,
			);
			defaultConfigurationIsVisible = 0;
			defaultConfigurationName = Release;
		};
		2540A3EC2377ED660021FB11 /* Build configuration list for PBXNativeTarget "albumappTests" */ = {
			isa = XCConfigurationList;
			buildConfigurations = (
				2540A3ED2377ED660021FB11 /* Debug */,
				2540A3EE2377ED660021FB11 /* Release */,
			);
			defaultConfigurationIsVisible = 0;
			defaultConfigurationName = Release;
		};
		2540A3EF2377ED660021FB11 /* Build configuration list for PBXNativeTarget "albumappUITests" */ = {
			isa = XCConfigurationList;
			buildConfigurations = (
				2540A3F02377ED660021FB11 /* Debug */,
				2540A3F12377ED660021FB11 /* Release */,
			);
			defaultConfigurationIsVisible = 0;
			defaultConfigurationName = Release;
		};
/* End XCConfigurationList section */
	};
	rootObject = 2540A3B72377ED640021FB11 /* Project object */;
}
